<?xml version="1.0" encoding="utf-8"?>
<Project ToolsVersion="4.0" xmlns="http://schemas.microsoft.com/developer/msbuild/2003">
  <ItemGroup>
    <Filter Include="Header Files">
      <UniqueIdentifier>{93995380-89BD-4b04-88EB-625FBE52EBFB}</UniqueIdentifier>
      <Extensions>h;hh;hpp;hxx;hm;inl;inc;ipp;xsd</Extensions>
    </Filter>
    <Filter Include="Resource Files">
      <UniqueIdentifier>{67DA6AB6-F800-4c08-8B7A-83BB121AAD01}</UniqueIdentifier>
      <Extensions>rc;ico;cur;bmp;dlg;rc2;rct;bin;rgs;gif;jpg;jpeg;jpe;resx;tiff;tif;png;wav;mfcribbon-ms</Extensions>
    </Filter>
    <Filter Include="Shader Stuff">
      <UniqueIdentifier>{351c4102-546a-4a75-943c-1f344df3cd6a}</UniqueIdentifier>
    </Filter>
    <Filter Include="Shader Stuff\Shaders">
      <UniqueIdentifier>{3dcbda1c-207d-48b6-8166-eed7f5ae5572}</UniqueIdentifier>
    </Filter>
    <Filter Include="Mesh Manager">
      <UniqueIdentifier>{fec584a9-e40d-418a-b88a-70cf854f7a60}</UniqueIdentifier>
    </Filter>
    <Filter Include="Global">
      <UniqueIdentifier>{d521416b-2b08-432b-a931-8ad0a25f324c}</UniqueIdentifier>
    </Filter>
    <Filter Include="DebugRender">
      <UniqueIdentifier>{a86fe846-ccaf-4771-b866-28016b48b035}</UniqueIdentifier>
    </Filter>
    <Filter Include="Error">
      <UniqueIdentifier>{a1b2ceb8-2f61-461b-bf10-d0b8fc121bd5}</UniqueIdentifier>
    </Filter>
    <Filter Include="LightManager">
      <UniqueIdentifier>{ea633463-b0a9-485d-b43a-40df7883343e}</UniqueIdentifier>
    </Filter>
    <Filter Include="Phsyics">
      <UniqueIdentifier>{14672551-867a-4658-bcd2-b5e0a931e219}</UniqueIdentifier>
    </Filter>
    <Filter Include="Resource Files\Source Files">
      <UniqueIdentifier>{4FC737F1-C7A5-4376-A066-2A32D752A2FF}</UniqueIdentifier>
      <Extensions>cpp;c;cc;cxx;def;odl;idl;hpj;bat;asm;asmx</Extensions>
    </Filter>
  </ItemGroup>
  <ItemGroup>
    <ClCompile Include="theMain.cpp">
      <Filter>Resource Files\Source Files</Filter>
    </ClCompile>
    <ClCompile Include="glad.c">
      <Filter>Resource Files\Source Files</Filter>
    </ClCompile>
    <ClCompile Include="cShaderManager.cpp">
      <Filter>Shader Stuff</Filter>
    </ClCompile>
    <ClCompile Include="cShader.cpp">
      <Filter>Shader Stuff</Filter>
    </ClCompile>
    <ClCompile Include="PlyFileLoader.cpp">
      <Filter>Resource Files\Source Files</Filter>
    </ClCompile>
    <ClCompile Include="OpenGLMeshLoader.cpp">
      <Filter>Resource Files\Source Files</Filter>
    </ClCompile>
    <ClCompile Include="sModelDrawInfo.cpp">
      <Filter>Mesh Manager</Filter>
    </ClCompile>
    <ClCompile Include="cVAOMeshManager.cpp">
      <Filter>Mesh Manager</Filter>
    </ClCompile>
    <ClCompile Include="UserIO.cpp">
      <Filter>Resource Files\Source Files</Filter>
    </ClCompile>
    <ClCompile Include="cMeshObject.cpp">
      <Filter>Header Files</Filter>
    </ClCompile>
    <ClCompile Include="DrawObject_call.cpp">
      <Filter>Resource Files\Source Files</Filter>
    </ClCompile>
    <ClCompile Include="LoadModels.cpp">
      <Filter>Resource Files\Source Files</Filter>
    </ClCompile>
    <ClCompile Include="DebugRenderer\cDebugRenderer.cpp">
      <Filter>DebugRender</Filter>
    </ClCompile>
    <ClCompile Include="DebugRenderer\cDebugRenderer_BuiltInShapes.cpp">
      <Filter>DebugRender</Filter>
    </ClCompile>
    <ClCompile Include="Error\CErrorLog.cpp">
      <Filter>Error</Filter>
    </ClCompile>
    <ClCompile Include="Error\COpenGLError.cpp">
      <Filter>Error</Filter>
    </ClCompile>
    <ClCompile Include="PhysicsStuff.cpp">
      <Filter>Phsyics</Filter>
    </ClCompile>
    <ClCompile Include="ObjectTest.cpp">
      <Filter>Phsyics</Filter>
    </ClCompile>
    <ClCompile Include="cLightManager.cpp">
      <Filter>LightManager</Filter>
    </ClCompile>
    <ClCompile Include="cLightHelper.cpp">
      <Filter>LightManager</Filter>
    </ClCompile>
    <ClCompile Include="cMeshObject_Quaternion.cpp">
      <Filter>Header Files</Filter>
    </ClCompile>
  </ItemGroup>
  <ItemGroup>
    <ClInclude Include="linmath.h">
      <Filter>Resource Files\Source Files</Filter>
    </ClInclude>
    <ClInclude Include="cShaderManager.h">
      <Filter>Shader Stuff</Filter>
    </ClInclude>
    <ClInclude Include="sPlyVertex.h">
      <Filter>Header Files</Filter>
    </ClInclude>
    <ClInclude Include="sPlyTriangle.h">
      <Filter>Header Files</Filter>
    </ClInclude>
    <ClInclude Include="cMeshObject.h">
      <Filter>Header Files</Filter>
    </ClInclude>
    <ClInclude Include="cVAOMeshManager.h">
      <Filter>Mesh Manager</Filter>
    </ClInclude>
    <ClInclude Include="sModelDrawInfo.h">
      <Filter>Mesh Manager</Filter>
    </ClInclude>
    <ClInclude Include="globalStuff.h">
      <Filter>Global</Filter>
    </ClInclude>
    <ClInclude Include="globalOpenGLStuff.h">
      <Filter>Global</Filter>
    </ClInclude>
    <ClInclude Include="DebugRenderer\cDebugRenderer.h">
      <Filter>DebugRender</Filter>
    </ClInclude>
    <ClInclude Include="DebugRenderer\iDebugRenderer.h">
      <Filter>DebugRender</Filter>
    </ClInclude>
    <ClInclude Include="Error\CErrorLog.h">
      <Filter>Error</Filter>
    </ClInclude>
    <ClInclude Include="Error\COpenGLError.h">
      <Filter>Error</Filter>
    </ClInclude>
    <ClInclude Include="cLightManager.h">
      <Filter>LightManager</Filter>
    </ClInclude>
    <ClInclude Include="cLightHelper.h">
      <Filter>LightManager</Filter>
    </ClInclude>
  </ItemGroup>
  <ItemGroup>
    <None Include="assets\shaders\fragment01.glsl">
      <Filter>Shader Stuff\Shaders</Filter>
    </None>
    <None Include="assets\shaders\vertex01.glsl">
      <Filter>Shader Stuff\Shaders</Filter>
    </None>
  </ItemGroup>
</Project>