<?xml version="1.0" encoding="utf-8"?>
<Project ToolsVersion="4.0" xmlns="http://schemas.microsoft.com/developer/msbuild/2003">
  <ItemGroup>
    <Filter Include="Header Files">
      <UniqueIdentifier>{93995380-89BD-4b04-88EB-625FBE52EBFB}</UniqueIdentifier>
      <Extensions>h;hh;hpp;hxx;hm;inl;inc;ipp;xsd</Extensions>
    </Filter>
    <Filter Include="Resource Files">
      <UniqueIdentifier>{67DA6AB6-F800-4c08-8B7A-83BB121AAD01}</UniqueIdentifier>
      <Extensions>rc;ico;cur;bmp;dlg;rc2;rct;bin;rgs;gif;jpg;jpeg;jpe;resx;tiff;tif;png;wav;mfcribbon-ms</Extensions>
    </Filter>
    <Filter Include="Shader Stuff">
      <UniqueIdentifier>{351c4102-546a-4a75-943c-1f344df3cd6a}</UniqueIdentifier>
    </Filter>
    <Filter Include="Shader Stuff\Shaders">
      <UniqueIdentifier>{3dcbda1c-207d-48b6-8166-eed7f5ae5572}</UniqueIdentifier>
    </Filter>
    <Filter Include="Mesh Manager">
      <UniqueIdentifier>{fec584a9-e40d-418a-b88a-70cf854f7a60}</UniqueIdentifier>
    </Filter>
    <Filter Include="Global">
      <UniqueIdentifier>{d521416b-2b08-432b-a931-8ad0a25f324c}</UniqueIdentifier>
    </Filter>
    <Filter Include="DebugRender">
      <UniqueIdentifier>{a86fe846-ccaf-4771-b866-28016b48b035}</UniqueIdentifier>
    </Filter>
    <Filter Include="Error">
      <UniqueIdentifier>{a1b2ceb8-2f61-461b-bf10-d0b8fc121bd5}</UniqueIdentifier>
    </Filter>
    <Filter Include="LightManager">
      <UniqueIdentifier>{ea633463-b0a9-485d-b43a-40df7883343e}</UniqueIdentifier>
    </Filter>
    <Filter Include="Phsyics">
      <UniqueIdentifier>{14672551-867a-4658-bcd2-b5e0a931e219}</UniqueIdentifier>
    </Filter>
    <Filter Include="Resource Files\Source Files">
      <UniqueIdentifier>{4FC737F1-C7A5-4376-A066-2A32D752A2FF}</UniqueIdentifier>
      <Extensions>cpp;c;cc;cxx;def;odl;idl;hpj;bat;asm;asmx</Extensions>
    </Filter>
    <Filter Include="TextureManager">
      <UniqueIdentifier>{4b3fb560-6cd0-4465-b682-6c9962cb2e85}</UniqueIdentifier>
    </Filter>
    <Filter Include="Camera">
      <UniqueIdentifier>{4d3183f2-041d-40fb-8d80-8233c8e159e7}</UniqueIdentifier>
    </Filter>
    <Filter Include="UserIO">
      <UniqueIdentifier>{a94f3f64-2b9c-415a-af01-df6eab8c15e6}</UniqueIdentifier>
    </Filter>
    <Filter Include="Scripting">
      <UniqueIdentifier>{8a48b958-d6bf-4a39-b288-952b05d51481}</UniqueIdentifier>
    </Filter>
    <Filter Include="Scripting\LUA">
      <UniqueIdentifier>{fb1b0ff1-29f2-4e4b-82a9-42f9342e06a7}</UniqueIdentifier>
    </Filter>
    <Filter Include="Scripting\LuaScripts">
      <UniqueIdentifier>{bd80e832-a6be-469e-9fdb-fe6cf981b1c9}</UniqueIdentifier>
    </Filter>
    <Filter Include="Scripting\CommandGroups">
      <UniqueIdentifier>{c67fb977-3f40-4ae0-9665-03881747bf13}</UniqueIdentifier>
    </Filter>
    <Filter Include="Scripting\cCommands">
      <UniqueIdentifier>{0272b0c5-6159-4322-9ddc-eda191719a0a}</UniqueIdentifier>
    </Filter>
    <Filter Include="Scripting\cCommands\MoveCommands">
      <UniqueIdentifier>{bda1fdce-933f-4e11-a704-d2cb48939bd8}</UniqueIdentifier>
    </Filter>
    <Filter Include="Scripting\cCommands\Follow">
      <UniqueIdentifier>{cfbe6aa7-e93c-464d-b560-c05f2c00afe5}</UniqueIdentifier>
    </Filter>
    <Filter Include="Scripting\cCommands\Other">
      <UniqueIdentifier>{4be88623-bd20-460e-aff4-7612a3f5cca6}</UniqueIdentifier>
    </Filter>
    <Filter Include="Scripting\cCommands\OrientCommands">
      <UniqueIdentifier>{97ea618a-1849-44af-a601-92b6d8dfa498}</UniqueIdentifier>
    </Filter>
    <Filter Include="Scripting\cCommands\Trigger">
      <UniqueIdentifier>{06de55bf-da4b-4753-b27b-f2573337cf1b}</UniqueIdentifier>
    </Filter>
    <Filter Include="Scripting\cCommands\Follow\FollowObject">
      <UniqueIdentifier>{38ddf50f-e9a5-4360-86f8-76cfd87da82c}</UniqueIdentifier>
    </Filter>
    <Filter Include="Scripting\cCommands\Follow\FollowCurve">
      <UniqueIdentifier>{f3ca4672-a0a3-4355-bbbe-3aca8929a011}</UniqueIdentifier>
    </Filter>
  </ItemGroup>
  <ItemGroup>
    <ClCompile Include="theMain.cpp">
      <Filter>Resource Files\Source Files</Filter>
    </ClCompile>
    <ClCompile Include="glad.c">
      <Filter>Resource Files\Source Files</Filter>
    </ClCompile>
    <ClCompile Include="cShaderManager.cpp">
      <Filter>Shader Stuff</Filter>
    </ClCompile>
    <ClCompile Include="cShader.cpp">
      <Filter>Shader Stuff</Filter>
    </ClCompile>
    <ClCompile Include="PlyFileLoader.cpp">
      <Filter>Resource Files\Source Files</Filter>
    </ClCompile>
    <ClCompile Include="OpenGLMeshLoader.cpp">
      <Filter>Resource Files\Source Files</Filter>
    </ClCompile>
    <ClCompile Include="sModelDrawInfo.cpp">
      <Filter>Mesh Manager</Filter>
    </ClCompile>
    <ClCompile Include="cVAOMeshManager.cpp">
      <Filter>Mesh Manager</Filter>
    </ClCompile>
    <ClCompile Include="cMeshObject.cpp">
      <Filter>Header Files</Filter>
    </ClCompile>
    <ClCompile Include="DrawObject_call.cpp">
      <Filter>Resource Files\Source Files</Filter>
    </ClCompile>
    <ClCompile Include="LoadModels.cpp">
      <Filter>Resource Files\Source Files</Filter>
    </ClCompile>
    <ClCompile Include="DebugRenderer\cDebugRenderer.cpp">
      <Filter>DebugRender</Filter>
    </ClCompile>
    <ClCompile Include="DebugRenderer\cDebugRenderer_BuiltInShapes.cpp">
      <Filter>DebugRender</Filter>
    </ClCompile>
    <ClCompile Include="Error\CErrorLog.cpp">
      <Filter>Error</Filter>
    </ClCompile>
    <ClCompile Include="Error\COpenGLError.cpp">
      <Filter>Error</Filter>
    </ClCompile>
    <ClCompile Include="PhysicsStuff.cpp">
      <Filter>Phsyics</Filter>
    </ClCompile>
    <ClCompile Include="ObjectTest.cpp">
      <Filter>Phsyics</Filter>
    </ClCompile>
    <ClCompile Include="cLightManager.cpp">
      <Filter>LightManager</Filter>
    </ClCompile>
    <ClCompile Include="cLightHelper.cpp">
      <Filter>LightManager</Filter>
    </ClCompile>
    <ClCompile Include="cMeshObject_Quaternion.cpp">
      <Filter>Header Files</Filter>
    </ClCompile>
    <ClCompile Include="TextureManager\C24BitBMPpixel.cpp">
      <Filter>TextureManager</Filter>
    </ClCompile>
    <ClCompile Include="TextureManager\cBasicTextureManager.cpp">
      <Filter>TextureManager</Filter>
    </ClCompile>
    <ClCompile Include="TextureManager\CTextureFromBMP.cpp">
      <Filter>TextureManager</Filter>
    </ClCompile>
    <ClCompile Include="UserIO.cpp">
      <Filter>UserIO</Filter>
    </ClCompile>
    <ClCompile Include="cAABB.cpp">
      <Filter>Phsyics</Filter>
    </ClCompile>
    <ClCompile Include="PlayerCollision.cpp">
      <Filter>Phsyics</Filter>
    </ClCompile>
    <ClCompile Include="cLuaBrain.cpp">
      <Filter>Scripting\LUA</Filter>
    </ClCompile>
    <ClCompile Include="cMoveToEase.cpp">
      <Filter>Scripting\cCommands\MoveCommands</Filter>
    </ClCompile>
    <ClCompile Include="cMoveToCommand.cpp">
      <Filter>Scripting\cCommands\MoveCommands</Filter>
    </ClCompile>
    <ClCompile Include="cAnimationCurveCommand.cpp">
      <Filter>Scripting\cCommands\Other</Filter>
    </ClCompile>
    <ClCompile Include="cWait.cpp">
      <Filter>Scripting\cCommands\Other</Filter>
    </ClCompile>
    <ClCompile Include="cMoveToEaseIO.cpp">
      <Filter>Scripting\cCommands\MoveCommands</Filter>
    </ClCompile>
    <ClCompile Include="cOrientTo.cpp">
      <Filter>Scripting\cCommands\OrientCommands</Filter>
    </ClCompile>
    <ClCompile Include="cCommandGroup.cpp">
      <Filter>Scripting\CommandGroups</Filter>
    </ClCompile>
    <ClCompile Include="SmoothStep.cpp">
      <Filter>Scripting\CommandGroups</Filter>
    </ClCompile>
    <ClCompile Include="sNVPair.cpp">
      <Filter>Scripting\CommandGroups</Filter>
    </ClCompile>
    <ClCompile Include="cTriggerCommand.cpp">
      <Filter>Scripting\cCommands\Trigger</Filter>
    </ClCompile>
    <ClCompile Include="cFollowObjectCommand.cpp">
      <Filter>Scripting\cCommands\Follow\FollowObject</Filter>
    </ClCompile>
    <ClCompile Include="cFollowCurve.cpp">
      <Filter>Scripting\cCommands\Follow\FollowCurve</Filter>
    </ClCompile>
  </ItemGroup>
  <ItemGroup>
    <ClInclude Include="linmath.h">
      <Filter>Resource Files\Source Files</Filter>
    </ClInclude>
    <ClInclude Include="cShaderManager.h">
      <Filter>Shader Stuff</Filter>
    </ClInclude>
    <ClInclude Include="sPlyVertex.h">
      <Filter>Header Files</Filter>
    </ClInclude>
    <ClInclude Include="sPlyTriangle.h">
      <Filter>Header Files</Filter>
    </ClInclude>
    <ClInclude Include="cMeshObject.h">
      <Filter>Header Files</Filter>
    </ClInclude>
    <ClInclude Include="cVAOMeshManager.h">
      <Filter>Mesh Manager</Filter>
    </ClInclude>
    <ClInclude Include="globalStuff.h">
      <Filter>Global</Filter>
    </ClInclude>
    <ClInclude Include="globalOpenGLStuff.h">
      <Filter>Global</Filter>
    </ClInclude>
    <ClInclude Include="DebugRenderer\cDebugRenderer.h">
      <Filter>DebugRender</Filter>
    </ClInclude>
    <ClInclude Include="DebugRenderer\iDebugRenderer.h">
      <Filter>DebugRender</Filter>
    </ClInclude>
    <ClInclude Include="Error\CErrorLog.h">
      <Filter>Error</Filter>
    </ClInclude>
    <ClInclude Include="Error\COpenGLError.h">
      <Filter>Error</Filter>
    </ClInclude>
    <ClInclude Include="cLightManager.h">
      <Filter>LightManager</Filter>
    </ClInclude>
    <ClInclude Include="cLightHelper.h">
      <Filter>LightManager</Filter>
    </ClInclude>
    <ClInclude Include="TextureManager\C24BitBMPpixel.h">
      <Filter>TextureManager</Filter>
    </ClInclude>
    <ClInclude Include="TextureManager\cBasicTextureManager.h">
      <Filter>TextureManager</Filter>
    </ClInclude>
    <ClInclude Include="TextureManager\CTextureFromBMP.h">
      <Filter>TextureManager</Filter>
    </ClInclude>
    <ClInclude Include="Camera.h">
      <Filter>Camera</Filter>
    </ClInclude>
    <ClInclude Include="cAABB.h">
      <Filter>Phsyics</Filter>
    </ClInclude>
    <ClInclude Include="cLuaBrain.h">
      <Filter>Scripting\LUA</Filter>
    </ClInclude>
    <ClInclude Include="sModelDrawInfo.h">
      <Filter>Mesh Manager</Filter>
    </ClInclude>
    <ClInclude Include="SmoothStep.h">
      <Filter>Scripting</Filter>
    </ClInclude>
    <ClInclude Include="cMoveToEase.h">
      <Filter>Scripting\cCommands\MoveCommands</Filter>
    </ClInclude>
    <ClInclude Include="cMoveToCommand.h">
      <Filter>Scripting\cCommands\MoveCommands</Filter>
    </ClInclude>
    <ClInclude Include="cWait.h">
      <Filter>Scripting\cCommands\Other</Filter>
    </ClInclude>
    <ClInclude Include="cAnimationCurveCommand.h">
      <Filter>Scripting\cCommands\Other</Filter>
    </ClInclude>
    <ClInclude Include="cMoveToEaseIO.h">
      <Filter>Scripting\cCommands\MoveCommands</Filter>
    </ClInclude>
    <ClInclude Include="cOrientTo.h">
      <Filter>Scripting\cCommands\OrientCommands</Filter>
    </ClInclude>
    <ClInclude Include="sNVPair.h">
      <Filter>Scripting\CommandGroups</Filter>
    </ClInclude>
    <ClInclude Include="cCommandGroup.h">
      <Filter>Scripting\CommandGroups</Filter>
    </ClInclude>
    <ClInclude Include="iCommand.h">
      <Filter>Scripting\CommandGroups</Filter>
    </ClInclude>
    <ClInclude Include="cTriggerCommand.h">
      <Filter>Scripting\cCommands\Trigger</Filter>
    </ClInclude>
    <ClInclude Include="cFollowObjectCommand.h">
      <Filter>Scripting\cCommands\Follow\FollowObject</Filter>
    </ClInclude>
    <ClInclude Include="cFollowCurve.h">
      <Filter>Scripting\cCommands\Follow\FollowCurve</Filter>
    </ClInclude>
  </ItemGroup>
  <ItemGroup>
    <None Include="assets\shaders\fragment01.glsl">
      <Filter>Shader Stuff\Shaders</Filter>
    </None>
    <None Include="assets\shaders\vertex01.glsl">
      <Filter>Shader Stuff\Shaders</Filter>
    </None>
    <None Include="assets\scripts\trig.lua">
      <Filter>Scripting\LuaScripts</Filter>
    </None>
    <None Include="assets\scripts\example.lua">
      <Filter>Scripting\LuaScripts</Filter>
    </None>
  </ItemGroup>
</Project>