<?xml version="1.0" encoding="utf-8"?>
<Project ToolsVersion="4.0" xmlns="http://schemas.microsoft.com/developer/msbuild/2003">
  <ItemGroup>
    <Filter Include="Source Files">
      <UniqueIdentifier>{4FC737F1-C7A5-4376-A066-2A32D752A2FF}</UniqueIdentifier>
      <Extensions>cpp;c;cc;cxx;def;odl;idl;hpj;bat;asm;asmx</Extensions>
    </Filter>
    <Filter Include="Header Files">
      <UniqueIdentifier>{93995380-89BD-4b04-88EB-625FBE52EBFB}</UniqueIdentifier>
      <Extensions>h;hh;hpp;hxx;hm;inl;inc;ipp;xsd</Extensions>
    </Filter>
    <Filter Include="Resource Files">
      <UniqueIdentifier>{67DA6AB6-F800-4c08-8B7A-83BB121AAD01}</UniqueIdentifier>
      <Extensions>rc;ico;cur;bmp;dlg;rc2;rct;bin;rgs;gif;jpg;jpeg;jpe;resx;tiff;tif;png;wav;mfcribbon-ms</Extensions>
    </Filter>
    <Filter Include="Shader Stuff">
      <UniqueIdentifier>{351c4102-546a-4a75-943c-1f344df3cd6a}</UniqueIdentifier>
    </Filter>
    <Filter Include="Shader Stuff\Shaders">
      <UniqueIdentifier>{3dcbda1c-207d-48b6-8166-eed7f5ae5572}</UniqueIdentifier>
    </Filter>
    <Filter Include="Mesh Manager">
      <UniqueIdentifier>{fec584a9-e40d-418a-b88a-70cf854f7a60}</UniqueIdentifier>
    </Filter>
    <Filter Include="Global">
      <UniqueIdentifier>{d521416b-2b08-432b-a931-8ad0a25f324c}</UniqueIdentifier>
    </Filter>
    <Filter Include="DebugRender">
      <UniqueIdentifier>{a86fe846-ccaf-4771-b866-28016b48b035}</UniqueIdentifier>
    </Filter>
    <Filter Include="Error">
      <UniqueIdentifier>{a1b2ceb8-2f61-461b-bf10-d0b8fc121bd5}</UniqueIdentifier>
    </Filter>
    <Filter Include="LightManager">
      <UniqueIdentifier>{ea633463-b0a9-485d-b43a-40df7883343e}</UniqueIdentifier>
    </Filter>
    <Filter Include="Phsyics">
      <UniqueIdentifier>{14672551-867a-4658-bcd2-b5e0a931e219}</UniqueIdentifier>
    </Filter>
    <Filter Include="Utilities">
      <UniqueIdentifier>{ccda3de8-c150-4052-b8c9-8a97ff1d277c}</UniqueIdentifier>
    </Filter>
    <Filter Include="Physics_2 %28ignore for now%29">
      <UniqueIdentifier>{d5cc0ac2-6cc1-4b32-a625-9662dfe4344a}</UniqueIdentifier>
    </Filter>
    <Filter Include="Fly Camera">
      <UniqueIdentifier>{d7998375-96e6-4816-825b-fe61ff7e497e}</UniqueIdentifier>
    </Filter>
    <Filter Include="Joystick">
      <UniqueIdentifier>{b8434c30-18bb-41a3-8c9b-17a54fe737fe}</UniqueIdentifier>
    </Filter>
    <Filter Include="TextureManager">
      <UniqueIdentifier>{81277e9b-9dfc-4724-8094-f45f2e6ea243}</UniqueIdentifier>
    </Filter>
    <Filter Include="Scripting">
      <UniqueIdentifier>{22e7e0ac-e0c0-4d6f-a435-5c9f76748b9a}</UniqueIdentifier>
    </Filter>
    <Filter Include="Scripting\Commands">
      <UniqueIdentifier>{f6517e2d-4703-4dd9-be76-177a56937510}</UniqueIdentifier>
    </Filter>
    <Filter Include="PlyLoader">
      <UniqueIdentifier>{9121608e-7b3d-4db8-9881-58fa9daef76d}</UniqueIdentifier>
    </Filter>
    <Filter Include="Particle">
      <UniqueIdentifier>{ac21f701-5487-4596-96f7-bb03e929cbb5}</UniqueIdentifier>
    </Filter>
  </ItemGroup>
  <ItemGroup>
    <ClCompile Include="theMain.cpp">
      <Filter>Source Files</Filter>
    </ClCompile>
    <ClCompile Include="glad.c">
      <Filter>Source Files</Filter>
    </ClCompile>
    <ClCompile Include="cShaderManager.cpp">
      <Filter>Shader Stuff</Filter>
    </ClCompile>
    <ClCompile Include="cShader.cpp">
      <Filter>Shader Stuff</Filter>
    </ClCompile>
    <ClCompile Include="PlyFileLoader.cpp">
      <Filter>Source Files</Filter>
    </ClCompile>
    <ClCompile Include="OpenGLMeshLoader.cpp">
      <Filter>Source Files</Filter>
    </ClCompile>
    <ClCompile Include="sModelDrawInfo.cpp">
      <Filter>Mesh Manager</Filter>
    </ClCompile>
    <ClCompile Include="cVAOMeshManager.cpp">
      <Filter>Mesh Manager</Filter>
    </ClCompile>
    <ClCompile Include="UserIO.cpp">
      <Filter>Source Files</Filter>
    </ClCompile>
    <ClCompile Include="cMeshObject.cpp">
      <Filter>Header Files</Filter>
    </ClCompile>
    <ClCompile Include="DrawObject_call.cpp">
      <Filter>Source Files</Filter>
    </ClCompile>
    <ClCompile Include="LoadModels.cpp">
      <Filter>Source Files</Filter>
    </ClCompile>
    <ClCompile Include="DebugRenderer\cDebugRenderer.cpp">
      <Filter>DebugRender</Filter>
    </ClCompile>
    <ClCompile Include="DebugRenderer\cDebugRenderer_BuiltInShapes.cpp">
      <Filter>DebugRender</Filter>
    </ClCompile>
    <ClCompile Include="Error\CErrorLog.cpp">
      <Filter>Error</Filter>
    </ClCompile>
    <ClCompile Include="Error\COpenGLError.cpp">
      <Filter>Error</Filter>
    </ClCompile>
    <ClCompile Include="PhysicsStuff.cpp">
      <Filter>Phsyics</Filter>
    </ClCompile>
    <ClCompile Include="ObjectTest.cpp">
      <Filter>Phsyics</Filter>
    </ClCompile>
    <ClCompile Include="cGLColourHelper.cpp">
      <Filter>Utilities</Filter>
    </ClCompile>
    <ClCompile Include="cLightHelper.cpp">
      <Filter>LightManager</Filter>
    </ClCompile>
    <ClCompile Include="cPhysics.cpp">
      <Filter>Physics_2 %28ignore for now%29</Filter>
    </ClCompile>
    <ClCompile Include="cMeshObject_Quaternion.cpp">
      <Filter>Header Files</Filter>
    </ClCompile>
    <ClCompile Include="cLightMangager.cpp">
      <Filter>LightManager</Filter>
    </ClCompile>
    <ClCompile Include="cFlyCamera.cpp">
      <Filter>Fly Camera</Filter>
    </ClCompile>
    <ClCompile Include="cJoystickManager.cpp">
      <Filter>Joystick</Filter>
    </ClCompile>
    <ClCompile Include="TextureManager\C24BitBMPpixel.cpp">
      <Filter>TextureManager</Filter>
    </ClCompile>
    <ClCompile Include="TextureManager\cBasicTextureManager.cpp">
      <Filter>TextureManager</Filter>
    </ClCompile>
    <ClCompile Include="TextureManager\CTextureFromBMP.cpp">
      <Filter>TextureManager</Filter>
    </ClCompile>
    <ClCompile Include="cAABB.cpp">
      <Filter>Phsyics</Filter>
    </ClCompile>
    <ClCompile Include="cFollowObjectCommand.cpp">
      <Filter>Scripting\Commands</Filter>
    </ClCompile>
    <ClCompile Include="cCommandGroup.cpp">
      <Filter>Scripting\Commands</Filter>
    </ClCompile>
    <ClCompile Include="sNVPair.cpp">
      <Filter>Scripting</Filter>
    </ClCompile>
    <ClCompile Include="smoothstep_Wikipedia.cpp">
      <Filter>Scripting</Filter>
    </ClCompile>
    <ClCompile Include="cAnimationCurveCommand.cpp">
      <Filter>Scripting\Commands</Filter>
    </ClCompile>
    <ClCompile Include="cWait.cpp">
      <Filter>Scripting\Commands</Filter>
    </ClCompile>
    <ClCompile Include="Ply\CHRTimer.cpp">
      <Filter>PlyLoader</Filter>
    </ClCompile>
    <ClCompile Include="Ply\CPlyFile5nt.cpp">
      <Filter>PlyLoader</Filter>
    </ClCompile>
    <ClCompile Include="Ply\CPlyFile5nt_experimental.cpp">
      <Filter>PlyLoader</Filter>
    </ClCompile>
    <ClCompile Include="Ply\CPlyFile5nt_planarUV.cpp">
      <Filter>PlyLoader</Filter>
    </ClCompile>
    <ClCompile Include="Ply\CStringHelper.cpp">
      <Filter>PlyLoader</Filter>
    </ClCompile>
    <ClCompile Include="Ply\CVector3f.cpp">
      <Filter>PlyLoader</Filter>
    </ClCompile>
    <ClCompile Include="cParticleEmitter.cpp">
      <Filter>Particle</Filter>
    </ClCompile>
  </ItemGroup>
  <ItemGroup>
    <ClInclude Include="linmath.h">
      <Filter>Source Files</Filter>
    </ClInclude>
    <ClInclude Include="cShaderManager.h">
      <Filter>Shader Stuff</Filter>
    </ClInclude>
    <ClInclude Include="sPlyVertex.h">
      <Filter>Header Files</Filter>
    </ClInclude>
    <ClInclude Include="sPlyTriangle.h">
      <Filter>Header Files</Filter>
    </ClInclude>
    <ClInclude Include="cMeshObject.h">
      <Filter>Header Files</Filter>
    </ClInclude>
    <ClInclude Include="cVAOMeshManager.h">
      <Filter>Mesh Manager</Filter>
    </ClInclude>
    <ClInclude Include="sModelDrawInfo.h">
      <Filter>Mesh Manager</Filter>
    </ClInclude>
    <ClInclude Include="globalStuff.h">
      <Filter>Global</Filter>
    </ClInclude>
    <ClInclude Include="globalOpenGLStuff.h">
      <Filter>Global</Filter>
    </ClInclude>
    <ClInclude Include="DebugRenderer\cDebugRenderer.h">
      <Filter>DebugRender</Filter>
    </ClInclude>
    <ClInclude Include="DebugRenderer\iDebugRenderer.h">
      <Filter>DebugRender</Filter>
    </ClInclude>
    <ClInclude Include="Error\CErrorLog.h">
      <Filter>Error</Filter>
    </ClInclude>
    <ClInclude Include="Error\COpenGLError.h">
      <Filter>Error</Filter>
    </ClInclude>
    <ClInclude Include="cLightMangager.h">
      <Filter>LightManager</Filter>
    </ClInclude>
    <ClInclude Include="cGLColourHelper.h">
      <Filter>Utilities</Filter>
    </ClInclude>
    <ClInclude Include="cLightHelper.h">
      <Filter>LightManager</Filter>
    </ClInclude>
    <ClInclude Include="cPhysics.h">
      <Filter>Physics_2 %28ignore for now%29</Filter>
    </ClInclude>
    <ClInclude Include="Physics_Types.h">
      <Filter>Physics_2 %28ignore for now%29</Filter>
    </ClInclude>
    <ClInclude Include="cFlyCamera.h">
      <Filter>Fly Camera</Filter>
    </ClInclude>
    <ClInclude Include="cJoystickManager.h">
      <Filter>Joystick</Filter>
    </ClInclude>
    <ClInclude Include="TextureManager\C24BitBMPpixel.h">
      <Filter>TextureManager</Filter>
    </ClInclude>
    <ClInclude Include="TextureManager\cBasicTextureManager.h">
      <Filter>TextureManager</Filter>
    </ClInclude>
    <ClInclude Include="TextureManager\CTextureFromBMP.h">
      <Filter>TextureManager</Filter>
    </ClInclude>
    <ClInclude Include="cAABB.h">
      <Filter>Phsyics</Filter>
    </ClInclude>
    <ClInclude Include="iCommand.h">
      <Filter>Scripting\Commands</Filter>
    </ClInclude>
    <ClInclude Include="cFollowObjectCommand.h">
      <Filter>Scripting\Commands</Filter>
    </ClInclude>
    <ClInclude Include="cCommandGroup.h">
      <Filter>Scripting\Commands</Filter>
    </ClInclude>
    <ClInclude Include="sNVPair.h">
      <Filter>Scripting</Filter>
    </ClInclude>
    <ClInclude Include="smoothstep_Wikipedia.h">
      <Filter>Scripting</Filter>
    </ClInclude>
    <ClInclude Include="cAnimationCurveCommand.h">
      <Filter>Scripting\Commands</Filter>
    </ClInclude>
    <ClInclude Include="cWait.h">
      <Filter>Scripting\Commands</Filter>
    </ClInclude>
    <ClInclude Include="Ply\CHRTimer.h">
      <Filter>PlyLoader</Filter>
    </ClInclude>
    <ClInclude Include="Ply\CPlyFile5nt.h">
      <Filter>PlyLoader</Filter>
    </ClInclude>
    <ClInclude Include="Ply\CPlyInfo.h">
      <Filter>PlyLoader</Filter>
    </ClInclude>
    <ClInclude Include="Ply\CStringHelper.h">
      <Filter>PlyLoader</Filter>
    </ClInclude>
    <ClInclude Include="Ply\CVector3f.h">
      <Filter>PlyLoader</Filter>
    </ClInclude>
    <ClInclude Include="cParticleEmitter.h">
      <Filter>Particle</Filter>
    </ClInclude>
  </ItemGroup>
  <ItemGroup>
    <None Include="assets\shaders\fragment01.glsl">
      <Filter>Shader Stuff\Shaders</Filter>
    </None>
    <None Include="assets\shaders\vertex01.glsl">
      <Filter>Shader Stuff\Shaders</Filter>
    </None>
  </ItemGroup>
</Project>